schema: '2.0'
stages:
  train:
    cmd: python src/train.py
    deps:
    - path: data/train.csv
      hash: md5
      md5: e0bae983c541b7e39dd7d3988a5c314c
      size: 16024
    - path: src/train.py
      hash: md5
      md5: 37a98494dfdda59be6904b54abbedb17
      size: 848
    params:
      params.yaml:
        train.max_depth: 5
        train.n_estimators: 300
    outs:
    - path: metrics.json
      hash: md5
      md5: 20560efff3e462be05fa7e6164da7c29
      size: 35
    - path: models/model.pkl
      hash: md5
      md5: 7473b190db834fb00faf60c16e4f9658
      size: 1268758
